
Microsoft Visual Studio Solution File, Format Version 12.00
# Visual Studio Version 16
VisualStudioVersion = 16.0.30717.126
MinimumVisualStudioVersion = 10.0.40219.1
Project("{FAE04EC0-301F-11D3-BF4B-00C04F79EFBC}") = "testTamagochiMVVM.Android", "testTamagochiMVVM\testTamagochiMVVM.Android\testTamagochiMVVM.Android.csproj", "{B4E1A611-8409-4F60-B689-F17D92D2DBCE}"
EndProject
Project("{FAE04EC0-301F-11D3-BF4B-00C04F79EFBC}") = "testTamagochiMVVM.iOS", "testTamagochiMVVM\testTamagochiMVVM.iOS\testTamagochiMVVM.iOS.csproj", "{7E56B5C9-46A0-4DA3-B0F4-FD31900F3D4E}"
EndProject
Project("{FAE04EC0-301F-11D3-BF4B-00C04F79EFBC}") = "testTamagochiMVVM", "testTamagochiMVVM\testTamagochiMVVM\testTamagochiMVVM.csproj", "{49385FD2-59B0-42DB-9829-D54E9C75A19B}"
EndProject
Global
	GlobalSection(SolutionConfigurationPlatforms) = preSolution
		Debug|Any CPU = Debug|Any CPU
		Debug|iPhone = Debug|iPhone
		Debug|iPhoneSimulator = Debug|iPhoneSimulator
		Release|Any CPU = Release|Any CPU
		Release|iPhone = Release|iPhone
		Release|iPhoneSimulator = Release|iPhoneSimulator
	EndGlobalSection
	GlobalSection(ProjectConfigurationPlatforms) = postSolution
		{B4E1A611-8409-4F60-B689-F17D92D2DBCE}.Debug|Any CPU.ActiveCfg = Debug|Any CPU
		{B4E1A611-8409-4F60-B689-F17D92D2DBCE}.Debug|Any CPU.Build.0 = Debug|Any CPU
		{B4E1A611-8409-4F60-B689-F17D92D2DBCE}.Debug|Any CPU.Deploy.0 = Debug|Any CPU
		{B4E1A611-8409-4F60-B689-F17D92D2DBCE}.Debug|iPhone.ActiveCfg = Debug|Any CPU
		{B4E1A611-8409-4F60-B689-F17D92D2DBCE}.Debug|iPhone.Build.0 = Debug|Any CPU
		{B4E1A611-8409-4F60-B689-F17D92D2DBCE}.Debug|iPhone.Deploy.0 = Debug|Any CPU
		{B4E1A611-8409-4F60-B689-F17D92D2DBCE}.Debug|iPhoneSimulator.ActiveCfg = Debug|Any CPU
		{B4E1A611-8409-4F60-B689-F17D92D2DBCE}.Debug|iPhoneSimulator.Build.0 = Debug|Any CPU
		{B4E1A611-8409-4F60-B689-F17D92D2DBCE}.Debug|iPhoneSimulator.Deploy.0 = Debug|Any CPU
		{B4E1A611-8409-4F60-B689-F17D92D2DBCE}.Release|Any CPU.ActiveCfg = Release|Any CPU
		{B4E1A611-8409-4F60-B689-F17D92D2DBCE}.Release|Any CPU.Build.0 = Release|Any CPU
		{B4E1A611-8409-4F60-B689-F17D92D2DBCE}.Release|Any CPU.Deploy.0 = Release|Any CPU
		{B4E1A611-8409-4F60-B689-F17D92D2DBCE}.Release|iPhone.ActiveCfg = Release|Any CPU
		{B4E1A611-8409-4F60-B689-F17D92D2DBCE}.Release|iPhone.Build.0 = Release|Any CPU
		{B4E1A611-8409-4F60-B689-F17D92D2DBCE}.Release|iPhone.Deploy.0 = Release|Any CPU
		{B4E1A611-8409-4F60-B689-F17D92D2DBCE}.Release|iPhoneSimulator.ActiveCfg = Release|Any CPU
		{B4E1A611-8409-4F60-B689-F17D92D2DBCE}.Release|iPhoneSimulator.Build.0 = Release|Any CPU
		{B4E1A611-8409-4F60-B689-F17D92D2DBCE}.Release|iPhoneSimulator.Deploy.0 = Release|Any CPU
		{7E56B5C9-46A0-4DA3-B0F4-FD31900F3D4E}.Debug|Any CPU.ActiveCfg = Debug|iPhone
		{7E56B5C9-46A0-4DA3-B0F4-FD31900F3D4E}.Debug|Any CPU.Build.0 = Debug|iPhone
		{7E56B5C9-46A0-4DA3-B0F4-FD31900F3D4E}.Debug|Any CPU.Deploy.0 = Debug|iPhone
		{7E56B5C9-46A0-4DA3-B0F4-FD31900F3D4E}.Debug|iPhone.ActiveCfg = Debug|iPhone
		{7E56B5C9-46A0-4DA3-B0F4-FD31900F3D4E}.Debug|iPhone.Build.0 = Debug|iPhone
		{7E56B5C9-46A0-4DA3-B0F4-FD31900F3D4E}.Debug|iPhone.Deploy.0 = Debug|iPhone
		{7E56B5C9-46A0-4DA3-B0F4-FD31900F3D4E}.Debug|iPhoneSimulator.ActiveCfg = Debug|iPhoneSimulator
		{7E56B5C9-46A0-4DA3-B0F4-FD31900F3D4E}.Debug|iPhoneSimulator.Build.0 = Debug|iPhoneSimulator
		{7E56B5C9-46A0-4DA3-B0F4-FD31900F3D4E}.Debug|iPhoneSimulator.Deploy.0 = Debug|iPhoneSimulator
		{7E56B5C9-46A0-4DA3-B0F4-FD31900F3D4E}.Release|Any CPU.ActiveCfg = Release|iPhoneSimulator
		{7E56B5C9-46A0-4DA3-B0F4-FD31900F3D4E}.Release|Any CPU.Build.0 = Release|iPhoneSimulator
		{7E56B5C9-46A0-4DA3-B0F4-FD31900F3D4E}.Release|Any CPU.Deploy.0 = Release|iPhoneSimulator
		{7E56B5C9-46A0-4DA3-B0F4-FD31900F3D4E}.Release|iPhone.ActiveCfg = Release|iPhone
		{7E56B5C9-46A0-4DA3-B0F4-FD31900F3D4E}.Release|iPhone.Build.0 = Release|iPhone
		{7E56B5C9-46A0-4DA3-B0F4-FD31900F3D4E}.Release|iPhone.Deploy.0 = Release|iPhone
		{7E56B5C9-46A0-4DA3-B0F4-FD31900F3D4E}.Release|iPhoneSimulator.ActiveCfg = Release|iPhoneSimulator
		{7E56B5C9-46A0-4DA3-B0F4-FD31900F3D4E}.Release|iPhoneSimulator.Build.0 = Release|iPhoneSimulator
		{7E56B5C9-46A0-4DA3-B0F4-FD31900F3D4E}.Release|iPhoneSimulator.Deploy.0 = Release|iPhoneSimulator
		{49385FD2-59B0-42DB-9829-D54E9C75A19B}.Debug|Any CPU.ActiveCfg = Debug|Any CPU
		{49385FD2-59B0-42DB-9829-D54E9C75A19B}.Debug|Any CPU.Build.0 = Debug|Any CPU
		{49385FD2-59B0-42DB-9829-D54E9C75A19B}.Debug|Any CPU.Deploy.0 = Debug|Any CPU
		{49385FD2-59B0-42DB-9829-D54E9C75A19B}.Debug|iPhone.ActiveCfg = Debug|Any CPU
		{49385FD2-59B0-42DB-9829-D54E9C75A19B}.Debug|iPhone.Build.0 = Debug|Any CPU
		{49385FD2-59B0-42DB-9829-D54E9C75A19B}.Debug|iPhone.Deploy.0 = Debug|Any CPU
		{49385FD2-59B0-42DB-9829-D54E9C75A19B}.Debug|iPhoneSimulator.ActiveCfg = Debug|Any CPU
		{49385FD2-59B0-42DB-9829-D54E9C75A19B}.Debug|iPhoneSimulator.Build.0 = Debug|Any CPU
		{49385FD2-59B0-42DB-9829-D54E9C75A19B}.Debug|iPhoneSimulator.Deploy.0 = Debug|Any CPU
		{49385FD2-59B0-42DB-9829-D54E9C75A19B}.Release|Any CPU.ActiveCfg = Release|Any CPU
		{49385FD2-59B0-42DB-9829-D54E9C75A19B}.Release|Any CPU.Build.0 = Release|Any CPU
		{49385FD2-59B0-42DB-9829-D54E9C75A19B}.Release|Any CPU.Deploy.0 = Release|Any CPU
		{49385FD2-59B0-42DB-9829-D54E9C75A19B}.Release|iPhone.ActiveCfg = Release|Any CPU
		{49385FD2-59B0-42DB-9829-D54E9C75A19B}.Release|iPhone.Build.0 = Release|Any CPU
		{49385FD2-59B0-42DB-9829-D54E9C75A19B}.Release|iPhone.Deploy.0 = Release|Any CPU
		{49385FD2-59B0-42DB-9829-D54E9C75A19B}.Release|iPhoneSimulator.ActiveCfg = Release|Any CPU
		{49385FD2-59B0-42DB-9829-D54E9C75A19B}.Release|iPhoneSimulator.Build.0 = Release|Any CPU
		{49385FD2-59B0-42DB-9829-D54E9C75A19B}.Release|iPhoneSimulator.Deploy.0 = Release|Any CPU
	EndGlobalSection
	GlobalSection(SolutionProperties) = preSolution
		HideSolutionNode = FALSE
	EndGlobalSection
	GlobalSection(ExtensibilityGlobals) = postSolution
		SolutionGuid = {3E868AF5-43D8-4F57-83F5-0EAB1BE076BE}
	EndGlobalSection
EndGlobal
